
Microsoft Visual Studio Solution File, Format Version 12.00
# Visual Studio Version 17
VisualStudioVersion = 17.8.34525.116
MinimumVisualStudioVersion = 10.0.40219.1
Project("{FAE04EC0-301F-11D3-BF4B-00C04F79EFBC}") = "Task_Polygons", "Task_Polygons\Task_Polygons.csproj", "{0D93E7C5-5DE8-4356-B7E2-4BDDAFAF40A8}"
EndProject
Global
	GlobalSection(SolutionConfigurationPlatforms) = preSolution
		Debug|Any CPU = Debug|Any CPU
		Release|Any CPU = Release|Any CPU
	EndGlobalSection
	GlobalSection(ProjectConfigurationPlatforms) = postSolution
		{0D93E7C5-5DE8-4356-B7E2-4BDDAFAF40A8}.Debug|Any CPU.ActiveCfg = Debug|Any CPU
		{0D93E7C5-5DE8-4356-B7E2-4BDDAFAF40A8}.Debug|Any CPU.Build.0 = Debug|Any CPU
		{0D93E7C5-5DE8-4356-B7E2-4BDDAFAF40A8}.Release|Any CPU.ActiveCfg = Release|Any CPU
		{0D93E7C5-5DE8-4356-B7E2-4BDDAFAF40A8}.Release|Any CPU.Build.0 = Release|Any CPU
	EndGlobalSection
	GlobalSection(SolutionProperties) = preSolution
		HideSolutionNode = FALSE
	EndGlobalSection
	GlobalSection(ExtensibilityGlobals) = postSolution
		SolutionGuid = {C20D827A-C77A-4078-BBA1-9B82C5741077}
	EndGlobalSection
EndGlobal
